
Microsoft Visual Studio Solution File, Format Version 12.00
# Visual Studio Version 17
VisualStudioVersion = 17.7.34031.279
MinimumVisualStudioVersion = 10.0.40219.1
Project("{FAE04EC0-301F-11D3-BF4B-00C04F79EFBC}") = "App5.Android", "App5.Android\App5.Android.csproj", "{5DBAC258-2DCB-4A42-9FB1-45E15B4A88B0}"
EndProject
Project("{FAE04EC0-301F-11D3-BF4B-00C04F79EFBC}") = "App5.iOS", "App5.iOS\App5.iOS.csproj", "{E4070D36-E571-43B3-835C-2345A471FA58}"
EndProject
Project("{FAE04EC0-301F-11D3-BF4B-00C04F79EFBC}") = "App5", "App5\App5.csproj", "{AD375587-A194-47FA-B3F7-3409A637727F}"
EndProject
Global
	GlobalSection(SolutionConfigurationPlatforms) = preSolution
		Debug|Any CPU = Debug|Any CPU
		Debug|iPhone = Debug|iPhone
		Debug|iPhoneSimulator = Debug|iPhoneSimulator
		Release|Any CPU = Release|Any CPU
		Release|iPhone = Release|iPhone
		Release|iPhoneSimulator = Release|iPhoneSimulator
	EndGlobalSection
	GlobalSection(ProjectConfigurationPlatforms) = postSolution
		{5DBAC258-2DCB-4A42-9FB1-45E15B4A88B0}.Debug|Any CPU.ActiveCfg = Debug|Any CPU
		{5DBAC258-2DCB-4A42-9FB1-45E15B4A88B0}.Debug|Any CPU.Build.0 = Debug|Any CPU
		{5DBAC258-2DCB-4A42-9FB1-45E15B4A88B0}.Debug|Any CPU.Deploy.0 = Debug|Any CPU
		{5DBAC258-2DCB-4A42-9FB1-45E15B4A88B0}.Debug|iPhone.ActiveCfg = Debug|Any CPU
		{5DBAC258-2DCB-4A42-9FB1-45E15B4A88B0}.Debug|iPhone.Build.0 = Debug|Any CPU
		{5DBAC258-2DCB-4A42-9FB1-45E15B4A88B0}.Debug|iPhone.Deploy.0 = Debug|Any CPU
		{5DBAC258-2DCB-4A42-9FB1-45E15B4A88B0}.Debug|iPhoneSimulator.ActiveCfg = Debug|Any CPU
		{5DBAC258-2DCB-4A42-9FB1-45E15B4A88B0}.Debug|iPhoneSimulator.Build.0 = Debug|Any CPU
		{5DBAC258-2DCB-4A42-9FB1-45E15B4A88B0}.Debug|iPhoneSimulator.Deploy.0 = Debug|Any CPU
		{5DBAC258-2DCB-4A42-9FB1-45E15B4A88B0}.Release|Any CPU.ActiveCfg = Release|Any CPU
		{5DBAC258-2DCB-4A42-9FB1-45E15B4A88B0}.Release|Any CPU.Build.0 = Release|Any CPU
		{5DBAC258-2DCB-4A42-9FB1-45E15B4A88B0}.Release|Any CPU.Deploy.0 = Release|Any CPU
		{5DBAC258-2DCB-4A42-9FB1-45E15B4A88B0}.Release|iPhone.ActiveCfg = Release|Any CPU
		{5DBAC258-2DCB-4A42-9FB1-45E15B4A88B0}.Release|iPhone.Build.0 = Release|Any CPU
		{5DBAC258-2DCB-4A42-9FB1-45E15B4A88B0}.Release|iPhone.Deploy.0 = Release|Any CPU
		{5DBAC258-2DCB-4A42-9FB1-45E15B4A88B0}.Release|iPhoneSimulator.ActiveCfg = Release|Any CPU
		{5DBAC258-2DCB-4A42-9FB1-45E15B4A88B0}.Release|iPhoneSimulator.Build.0 = Release|Any CPU
		{5DBAC258-2DCB-4A42-9FB1-45E15B4A88B0}.Release|iPhoneSimulator.Deploy.0 = Release|Any CPU
		{E4070D36-E571-43B3-835C-2345A471FA58}.Debug|Any CPU.ActiveCfg = Debug|iPhone
		{E4070D36-E571-43B3-835C-2345A471FA58}.Debug|Any CPU.Build.0 = Debug|iPhone
		{E4070D36-E571-43B3-835C-2345A471FA58}.Debug|Any CPU.Deploy.0 = Debug|iPhone
		{E4070D36-E571-43B3-835C-2345A471FA58}.Debug|iPhone.ActiveCfg = Debug|iPhone
		{E4070D36-E571-43B3-835C-2345A471FA58}.Debug|iPhone.Build.0 = Debug|iPhone
		{E4070D36-E571-43B3-835C-2345A471FA58}.Debug|iPhone.Deploy.0 = Debug|iPhone
		{E4070D36-E571-43B3-835C-2345A471FA58}.Debug|iPhoneSimulator.ActiveCfg = Debug|iPhoneSimulator
		{E4070D36-E571-43B3-835C-2345A471FA58}.Debug|iPhoneSimulator.Build.0 = Debug|iPhoneSimulator
		{E4070D36-E571-43B3-835C-2345A471FA58}.Debug|iPhoneSimulator.Deploy.0 = Debug|iPhoneSimulator
		{E4070D36-E571-43B3-835C-2345A471FA58}.Release|Any CPU.ActiveCfg = Release|iPhoneSimulator
		{E4070D36-E571-43B3-835C-2345A471FA58}.Release|Any CPU.Build.0 = Release|iPhoneSimulator
		{E4070D36-E571-43B3-835C-2345A471FA58}.Release|Any CPU.Deploy.0 = Release|iPhoneSimulator
		{E4070D36-E571-43B3-835C-2345A471FA58}.Release|iPhone.ActiveCfg = Release|iPhone
		{E4070D36-E571-43B3-835C-2345A471FA58}.Release|iPhone.Build.0 = Release|iPhone
		{E4070D36-E571-43B3-835C-2345A471FA58}.Release|iPhone.Deploy.0 = Release|iPhone
		{E4070D36-E571-43B3-835C-2345A471FA58}.Release|iPhoneSimulator.ActiveCfg = Release|iPhoneSimulator
		{E4070D36-E571-43B3-835C-2345A471FA58}.Release|iPhoneSimulator.Build.0 = Release|iPhoneSimulator
		{E4070D36-E571-43B3-835C-2345A471FA58}.Release|iPhoneSimulator.Deploy.0 = Release|iPhoneSimulator
		{AD375587-A194-47FA-B3F7-3409A637727F}.Debug|Any CPU.ActiveCfg = Debug|Any CPU
		{AD375587-A194-47FA-B3F7-3409A637727F}.Debug|Any CPU.Build.0 = Debug|Any CPU
		{AD375587-A194-47FA-B3F7-3409A637727F}.Debug|Any CPU.Deploy.0 = Debug|Any CPU
		{AD375587-A194-47FA-B3F7-3409A637727F}.Debug|iPhone.ActiveCfg = Debug|Any CPU
		{AD375587-A194-47FA-B3F7-3409A637727F}.Debug|iPhone.Build.0 = Debug|Any CPU
		{AD375587-A194-47FA-B3F7-3409A637727F}.Debug|iPhone.Deploy.0 = Debug|Any CPU
		{AD375587-A194-47FA-B3F7-3409A637727F}.Debug|iPhoneSimulator.ActiveCfg = Debug|Any CPU
		{AD375587-A194-47FA-B3F7-3409A637727F}.Debug|iPhoneSimulator.Build.0 = Debug|Any CPU
		{AD375587-A194-47FA-B3F7-3409A637727F}.Debug|iPhoneSimulator.Deploy.0 = Debug|Any CPU
		{AD375587-A194-47FA-B3F7-3409A637727F}.Release|Any CPU.ActiveCfg = Release|Any CPU
		{AD375587-A194-47FA-B3F7-3409A637727F}.Release|Any CPU.Build.0 = Release|Any CPU
		{AD375587-A194-47FA-B3F7-3409A637727F}.Release|Any CPU.Deploy.0 = Release|Any CPU
		{AD375587-A194-47FA-B3F7-3409A637727F}.Release|iPhone.ActiveCfg = Release|Any CPU
		{AD375587-A194-47FA-B3F7-3409A637727F}.Release|iPhone.Build.0 = Release|Any CPU
		{AD375587-A194-47FA-B3F7-3409A637727F}.Release|iPhone.Deploy.0 = Release|Any CPU
		{AD375587-A194-47FA-B3F7-3409A637727F}.Release|iPhoneSimulator.ActiveCfg = Release|Any CPU
		{AD375587-A194-47FA-B3F7-3409A637727F}.Release|iPhoneSimulator.Build.0 = Release|Any CPU
		{AD375587-A194-47FA-B3F7-3409A637727F}.Release|iPhoneSimulator.Deploy.0 = Release|Any CPU
	EndGlobalSection
	GlobalSection(SolutionProperties) = preSolution
		HideSolutionNode = FALSE
	EndGlobalSection
	GlobalSection(ExtensibilityGlobals) = postSolution
		SolutionGuid = {97569160-6316-4186-9CC3-2C8411F0DB70}
	EndGlobalSection
EndGlobal
